{
  "name": "fall-2022-project-team-s23-brunkow-toftner-1",
  "lockfileVersion": 2,
  "requires": true,
  "packages": {
    "": {
      "dependencies": {
        "@cadexchanger/web-toolkit": "^1.2.6"
      }
    },
    "node_modules/@cadexchanger/web-toolkit": {
      "version": "1.2.6",
      "resolved": "https://registry.npmjs.org/@cadexchanger/web-toolkit/-/web-toolkit-1.2.6.tgz",
      "integrity": "sha512-I19VyGXCkHjhiYp1OueDw1+8mHf8gBfnlxFsBGtdRZzqFG6BUhqCfg1BkzcViDoQ+8BNKmD3KHeohfl9Dt0jNA==",
      "dependencies": {
        "pako": "~1.0.10",
        "three": "~0.105"
      }
    },
    "node_modules/pako": {
      "version": "1.0.11",
      "resolved": "https://registry.npmjs.org/pako/-/pako-1.0.11.tgz",
      "integrity": "sha512-4hLB8Py4zZce5s4yd9XzopqwVv/yGNhV1Bl8NTmCq1763HeK2+EwVTv+leGeL13Dnh2wfbqowVPXCIO0z4taYw=="
    },
    "node_modules/three": {
      "version": "0.105.2",
      "resolved": "https://registry.npmjs.org/three/-/three-0.105.2.tgz",
      "integrity": "sha512-L3Al37k4g3hVbgFFS251UVtIc25chhyN0/RvXzR0C+uIBToV6EKDG+MZzEXm9L2miGUVMK27W46/VkP6WUZXMg=="
    }
  },
  "dependencies": {
    "@cadexchanger/web-toolkit": {
      "version": "1.2.6",
      "resolved": "https://registry.npmjs.org/@cadexchanger/web-toolkit/-/web-toolkit-1.2.6.tgz",
      "integrity": "sha512-I19VyGXCkHjhiYp1OueDw1+8mHf8gBfnlxFsBGtdRZzqFG6BUhqCfg1BkzcViDoQ+8BNKmD3KHeohfl9Dt0jNA==",
      "requires": {
        "pako": "~1.0.10",
        "three": "~0.105"
      }
    },
    "pako": {
      "version": "1.0.11",
      "resolved": "https://registry.npmjs.org/pako/-/pako-1.0.11.tgz",
      "integrity": "sha512-4hLB8Py4zZce5s4yd9XzopqwVv/yGNhV1Bl8NTmCq1763HeK2+EwVTv+leGeL13Dnh2wfbqowVPXCIO0z4taYw=="
    },
    "three": {
      "version": "0.105.2",
      "resolved": "https://registry.npmjs.org/three/-/three-0.105.2.tgz",
      "integrity": "sha512-L3Al37k4g3hVbgFFS251UVtIc25chhyN0/RvXzR0C+uIBToV6EKDG+MZzEXm9L2miGUVMK27W46/VkP6WUZXMg=="
    }
  }
}
